<Solution>
  <Folder Name="/src/">
    <Project Path="src/Company.ProjectName/Company.ProjectName.csproj" />
  </Folder>
  <Folder Name="/tests/">
<!--#if (IncludeAnyTesting && !IncludeTestcontainers) -->
    <Project Path="tests/Company.ProjectName.Tests/Company.ProjectName.Tests.csproj" />
<!--#endif -->
<!--#if (IncludeAnyTesting && IncludeTestcontainers) -->
    <Project Path="tests/Company.ProjectName.UnitTests/Company.ProjectName.UnitTests.csproj" />
    <Project Path="tests/Company.ProjectName.IntegrationTests/Company.ProjectName.IntegrationTests.csproj" />
<!--#endif -->
  </Folder>
</Solution>
